
Microsoft Visual Studio Solution File, Format Version 12.00
# Visual Studio Version 16
VisualStudioVersion = 16.0.29519.181
MinimumVisualStudioVersion = 10.0.40219.1
Project("{9A19103F-16F7-4668-BE54-9A1E7A4F7556}") = "CodeWars.Tests", "CodeWars.Tests\CodeWars.Tests.csproj", "{508F1BA9-2D69-47EE-91DD-BB884C5D9596}"
EndProject
Project("{9A19103F-16F7-4668-BE54-9A1E7A4F7556}") = "Katas", "Katas\Katas.csproj", "{5CC81CD4-E57F-446B-9876-C2E751B4BB07}"
EndProject
Global
	GlobalSection(SolutionConfigurationPlatforms) = preSolution
		Debug|Any CPU = Debug|Any CPU
		Release|Any CPU = Release|Any CPU
	EndGlobalSection
	GlobalSection(ProjectConfigurationPlatforms) = postSolution
		{508F1BA9-2D69-47EE-91DD-BB884C5D9596}.Debug|Any CPU.ActiveCfg = Debug|Any CPU
		{508F1BA9-2D69-47EE-91DD-BB884C5D9596}.Debug|Any CPU.Build.0 = Debug|Any CPU
		{508F1BA9-2D69-47EE-91DD-BB884C5D9596}.Release|Any CPU.ActiveCfg = Release|Any CPU
		{508F1BA9-2D69-47EE-91DD-BB884C5D9596}.Release|Any CPU.Build.0 = Release|Any CPU
		{5CC81CD4-E57F-446B-9876-C2E751B4BB07}.Debug|Any CPU.ActiveCfg = Debug|Any CPU
		{5CC81CD4-E57F-446B-9876-C2E751B4BB07}.Debug|Any CPU.Build.0 = Debug|Any CPU
		{5CC81CD4-E57F-446B-9876-C2E751B4BB07}.Release|Any CPU.ActiveCfg = Release|Any CPU
		{5CC81CD4-E57F-446B-9876-C2E751B4BB07}.Release|Any CPU.Build.0 = Release|Any CPU
	EndGlobalSection
	GlobalSection(SolutionProperties) = preSolution
		HideSolutionNode = FALSE
	EndGlobalSection
	GlobalSection(ExtensibilityGlobals) = postSolution
		SolutionGuid = {E07290BB-0478-48EB-AD2B-EE88F08F6DFF}
	EndGlobalSection
EndGlobal
